// !$*UTF8*$!
{
	archiveVersion = 1;
	classes = {
	};
	objectVersion = 56;
	objects = {

/* Begin PBXBuildFile section */
		BB7EF6C529005085006740F8 /* SceneDelegate.swift in Sources */ = {isa = PBXBuildFile; fileRef = BB7EF6C429005085006740F8 /* SceneDelegate.swift */; };
		BB7EF6C729005085006740F8 /* MainTabBarViewController.swift in Sources */ = {isa = PBXBuildFile; fileRef = BB7EF6C629005085006740F8 /* MainTabBarViewController.swift */; };
		BB7EF6CC29005086006740F8 /* Assets.xcassets in Resources */ = {isa = PBXBuildFile; fileRef = BB7EF6CB29005086006740F8 /* Assets.xcassets */; };
		BB7EF6CF29005086006740F8 /* LaunchScreen.storyboard in Resources */ = {isa = PBXBuildFile; fileRef = BB7EF6CD29005086006740F8 /* LaunchScreen.storyboard */; };
		BB7EF6D929005253006740F8 /* HomeViewController.swift in Sources */ = {isa = PBXBuildFile; fileRef = BB7EF6D829005253006740F8 /* HomeViewController.swift */; };
		BB7EF6DB2900525D006740F8 /* UpcomingViewController.swift in Sources */ = {isa = PBXBuildFile; fileRef = BB7EF6DA2900525D006740F8 /* UpcomingViewController.swift */; };
		BB7EF6DD29005265006740F8 /* SearchViewController.swift in Sources */ = {isa = PBXBuildFile; fileRef = BB7EF6DC29005265006740F8 /* SearchViewController.swift */; };
		BB7EF6DF290052E7006740F8 /* DownloadsViewController.swift in Sources */ = {isa = PBXBuildFile; fileRef = BB7EF6DE290052E7006740F8 /* DownloadsViewController.swift */; };
		BB7EF6E1290053DF006740F8 /* AppDelegate.swift in Sources */ = {isa = PBXBuildFile; fileRef = BB7EF6E0290053DF006740F8 /* AppDelegate.swift */; };
		BB7EF6E82900579E006740F8 /* CollectionViewTableViewCell.swift in Sources */ = {isa = PBXBuildFile; fileRef = BB7EF6E72900579E006740F8 /* CollectionViewTableViewCell.swift */; };
		BB7EF6EA29007E01006740F8 /* HeroHeaderUIView.swift in Sources */ = {isa = PBXBuildFile; fileRef = BB7EF6E929007E01006740F8 /* HeroHeaderUIView.swift */; };
		BB7EF6EC2901A014006740F8 /* APICaller.swift in Sources */ = {isa = PBXBuildFile; fileRef = BB7EF6EB2901A013006740F8 /* APICaller.swift */; };
		BB7EF6EE2901A303006740F8 /* Title.swift in Sources */ = {isa = PBXBuildFile; fileRef = BB7EF6ED2901A303006740F8 /* Title.swift */; };
		BB7EF6F02901A700006740F8 /* Extensions.swift in Sources */ = {isa = PBXBuildFile; fileRef = BB7EF6EF2901A700006740F8 /* Extensions.swift */; };
		BB7EF6F629023D5E006740F8 /* TitleCollectionViewCell.swift in Sources */ = {isa = PBXBuildFile; fileRef = BB7EF6F529023D5E006740F8 /* TitleCollectionViewCell.swift */; };
		BB7EF6F929023F03006740F8 /* SDWebImage in Frameworks */ = {isa = PBXBuildFile; productRef = BB7EF6F829023F03006740F8 /* SDWebImage */; };
		BB7EF6FB29023F03006740F8 /* SDWebImageMapKit in Frameworks */ = {isa = PBXBuildFile; productRef = BB7EF6FA29023F03006740F8 /* SDWebImageMapKit */; };
		BB7EF6FD29037BEF006740F8 /* TitleTableViewCell.swift in Sources */ = {isa = PBXBuildFile; fileRef = BB7EF6FC29037BEF006740F8 /* TitleTableViewCell.swift */; };
		BB7EF6FF29037E07006740F8 /* TitleViewModel.swift in Sources */ = {isa = PBXBuildFile; fileRef = BB7EF6FE29037E07006740F8 /* TitleViewModel.swift */; };
		BB7EF7012903A86D006740F8 /* SearchResultsViewController.swift in Sources */ = {isa = PBXBuildFile; fileRef = BB7EF7002903A86D006740F8 /* SearchResultsViewController.swift */; };
		BB7EF7052903B1FE006740F8 /* NetworkingManager.swift in Sources */ = {isa = PBXBuildFile; fileRef = BB7EF7042903B1FE006740F8 /* NetworkingManager.swift */; };
		BB7EF70829042FFF006740F8 /* Constants.swift in Sources */ = {isa = PBXBuildFile; fileRef = BB7EF70729042FFF006740F8 /* Constants.swift */; };
		BB7EF70A290432C5006740F8 /* YoutubeSearchResponse.swift in Sources */ = {isa = PBXBuildFile; fileRef = BB7EF709290432C5006740F8 /* YoutubeSearchResponse.swift */; };
		BB7EF70C29043860006740F8 /* TitlePreviewViewController.swift in Sources */ = {isa = PBXBuildFile; fileRef = BB7EF70B29043860006740F8 /* TitlePreviewViewController.swift */; };
		BB7EF70E2904B021006740F8 /* GenreModel.swift in Sources */ = {isa = PBXBuildFile; fileRef = BB7EF70D2904B021006740F8 /* GenreModel.swift */; };
		BB7EF7102904B1FD006740F8 /* TitlePreviewViewModel.swift in Sources */ = {isa = PBXBuildFile; fileRef = BB7EF70F2904B1FD006740F8 /* TitlePreviewViewModel.swift */; };
		BB7EF7362904CF42006740F8 /* NetflixCloneModel.xcdatamodeld in Sources */ = {isa = PBXBuildFile; fileRef = BB7EF7342904CF42006740F8 /* NetflixCloneModel.xcdatamodeld */; };
		BBB5B5342904D15000C3D250 /* DataPersistenceManager.swift in Sources */ = {isa = PBXBuildFile; fileRef = BBB5B5332904D15000C3D250 /* DataPersistenceManager.swift */; };
/* End PBXBuildFile section */

/* Begin PBXFileReference section */
		BB7EF6BF29005085006740F8 /* Netflix Clone.app */ = {isa = PBXFileReference; explicitFileType = wrapper.application; includeInIndex = 0; path = "Netflix Clone.app"; sourceTree = BUILT_PRODUCTS_DIR; };
		BB7EF6C429005085006740F8 /* SceneDelegate.swift */ = {isa = PBXFileReference; lastKnownFileType = sourcecode.swift; path = SceneDelegate.swift; sourceTree = "<group>"; };
		BB7EF6C629005085006740F8 /* MainTabBarViewController.swift */ = {isa = PBXFileReference; lastKnownFileType = sourcecode.swift; path = MainTabBarViewController.swift; sourceTree = "<group>"; };
		BB7EF6CB29005086006740F8 /* Assets.xcassets */ = {isa = PBXFileReference; lastKnownFileType = folder.assetcatalog; path = Assets.xcassets; sourceTree = "<group>"; };
		BB7EF6CE29005086006740F8 /* Base */ = {isa = PBXFileReference; lastKnownFileType = file.storyboard; name = Base; path = Base.lproj/LaunchScreen.storyboard; sourceTree = "<group>"; };
		BB7EF6D029005086006740F8 /* Info.plist */ = {isa = PBXFileReference; lastKnownFileType = text.plist.xml; path = Info.plist; sourceTree = "<group>"; };
		BB7EF6D829005253006740F8 /* HomeViewController.swift */ = {isa = PBXFileReference; lastKnownFileType = sourcecode.swift; path = HomeViewController.swift; sourceTree = "<group>"; };
		BB7EF6DA2900525D006740F8 /* UpcomingViewController.swift */ = {isa = PBXFileReference; lastKnownFileType = sourcecode.swift; path = UpcomingViewController.swift; sourceTree = "<group>"; };
		BB7EF6DC29005265006740F8 /* SearchViewController.swift */ = {isa = PBXFileReference; lastKnownFileType = sourcecode.swift; path = SearchViewController.swift; sourceTree = "<group>"; };
		BB7EF6DE290052E7006740F8 /* DownloadsViewController.swift */ = {isa = PBXFileReference; lastKnownFileType = sourcecode.swift; path = DownloadsViewController.swift; sourceTree = "<group>"; };
		BB7EF6E0290053DF006740F8 /* AppDelegate.swift */ = {isa = PBXFileReference; fileEncoding = 4; lastKnownFileType = sourcecode.swift; path = AppDelegate.swift; sourceTree = "<group>"; };
		BB7EF6E72900579E006740F8 /* CollectionViewTableViewCell.swift */ = {isa = PBXFileReference; lastKnownFileType = sourcecode.swift; path = CollectionViewTableViewCell.swift; sourceTree = "<group>"; };
		BB7EF6E929007E01006740F8 /* HeroHeaderUIView.swift */ = {isa = PBXFileReference; lastKnownFileType = sourcecode.swift; path = HeroHeaderUIView.swift; sourceTree = "<group>"; };
		BB7EF6EB2901A013006740F8 /* APICaller.swift */ = {isa = PBXFileReference; lastKnownFileType = sourcecode.swift; path = APICaller.swift; sourceTree = "<group>"; };
		BB7EF6ED2901A303006740F8 /* Title.swift */ = {isa = PBXFileReference; lastKnownFileType = sourcecode.swift; path = Title.swift; sourceTree = "<group>"; };
		BB7EF6EF2901A700006740F8 /* Extensions.swift */ = {isa = PBXFileReference; lastKnownFileType = sourcecode.swift; path = Extensions.swift; sourceTree = "<group>"; };
		BB7EF6F529023D5E006740F8 /* TitleCollectionViewCell.swift */ = {isa = PBXFileReference; lastKnownFileType = sourcecode.swift; path = TitleCollectionViewCell.swift; sourceTree = "<group>"; };
		BB7EF6FC29037BEF006740F8 /* TitleTableViewCell.swift */ = {isa = PBXFileReference; lastKnownFileType = sourcecode.swift; path = TitleTableViewCell.swift; sourceTree = "<group>"; };
		BB7EF6FE29037E07006740F8 /* TitleViewModel.swift */ = {isa = PBXFileReference; lastKnownFileType = sourcecode.swift; path = TitleViewModel.swift; sourceTree = "<group>"; };
		BB7EF7002903A86D006740F8 /* SearchResultsViewController.swift */ = {isa = PBXFileReference; lastKnownFileType = sourcecode.swift; path = SearchResultsViewController.swift; sourceTree = "<group>"; };
		BB7EF7042903B1FE006740F8 /* NetworkingManager.swift */ = {isa = PBXFileReference; lastKnownFileType = sourcecode.swift; path = NetworkingManager.swift; sourceTree = "<group>"; };
		BB7EF70729042FFF006740F8 /* Constants.swift */ = {isa = PBXFileReference; lastKnownFileType = sourcecode.swift; path = Constants.swift; sourceTree = "<group>"; };
		BB7EF709290432C5006740F8 /* YoutubeSearchResponse.swift */ = {isa = PBXFileReference; lastKnownFileType = sourcecode.swift; path = YoutubeSearchResponse.swift; sourceTree = "<group>"; };
		BB7EF70B29043860006740F8 /* TitlePreviewViewController.swift */ = {isa = PBXFileReference; lastKnownFileType = sourcecode.swift; path = TitlePreviewViewController.swift; sourceTree = "<group>"; };
		BB7EF70D2904B021006740F8 /* GenreModel.swift */ = {isa = PBXFileReference; lastKnownFileType = sourcecode.swift; path = GenreModel.swift; sourceTree = "<group>"; };
		BB7EF70F2904B1FD006740F8 /* TitlePreviewViewModel.swift */ = {isa = PBXFileReference; lastKnownFileType = sourcecode.swift; path = TitlePreviewViewModel.swift; sourceTree = "<group>"; };
		BB7EF7352904CF42006740F8 /* NetflixCloneModel.xcdatamodel */ = {isa = PBXFileReference; lastKnownFileType = wrapper.xcdatamodel; path = NetflixCloneModel.xcdatamodel; sourceTree = "<group>"; };
		BBB5B5332904D15000C3D250 /* DataPersistenceManager.swift */ = {isa = PBXFileReference; lastKnownFileType = sourcecode.swift; path = DataPersistenceManager.swift; sourceTree = "<group>"; };
/* End PBXFileReference section */

/* Begin PBXFrameworksBuildPhase section */
		BB7EF6BC29005085006740F8 /* Frameworks */ = {
			isa = PBXFrameworksBuildPhase;
			buildActionMask = 2147483647;
			files = (
				BB7EF6FB29023F03006740F8 /* SDWebImageMapKit in Frameworks */,
				BB7EF6F929023F03006740F8 /* SDWebImage in Frameworks */,
			);
			runOnlyForDeploymentPostprocessing = 0;
		};
/* End PBXFrameworksBuildPhase section */

/* Begin PBXGroup section */
		BB7EF6B629005085006740F8 = {
			isa = PBXGroup;
			children = (
				BB7EF6C129005085006740F8 /* Netflix Clone */,
				BB7EF6C029005085006740F8 /* Products */,
			);
			sourceTree = "<group>";
		};
		BB7EF6C029005085006740F8 /* Products */ = {
			isa = PBXGroup;
			children = (
				BB7EF6BF29005085006740F8 /* Netflix Clone.app */,
			);
			name = Products;
			sourceTree = "<group>";
		};
		BB7EF6C129005085006740F8 /* Netflix Clone */ = {
			isa = PBXGroup;
			children = (
				BB7EF6D029005086006740F8 /* Info.plist */,
				BB7EF6E0290053DF006740F8 /* AppDelegate.swift */,
				BB7EF6C629005085006740F8 /* MainTabBarViewController.swift */,
				BB7EF6C429005085006740F8 /* SceneDelegate.swift */,
				BB7EF6CB29005086006740F8 /* Assets.xcassets */,
				BB7EF6D62900522F006740F8 /* Controllers */,
				BB7EF6CD29005086006740F8 /* LaunchScreen.storyboard */,
				BB7EF6E62900577B006740F8 /* Managers */,
				BB7EF6E429005758006740F8 /* Models */,
				BB7EF6E529005773006740F8 /* Resources */,
				BB7EF6E329005750006740F8 /* ViewModels */,
				BB7EF6E229005745006740F8 /* Views */,
				BB7EF7342904CF42006740F8 /* NetflixCloneModel.xcdatamodeld */,
			);
			path = "Netflix Clone";
			sourceTree = "<group>";
		};
		BB7EF6D62900522F006740F8 /* Controllers */ = {
			isa = PBXGroup;
			children = (
				BB7EF7032903A88E006740F8 /* General */,
				BB7EF7022903A888006740F8 /* Core */,
			);
			path = Controllers;
			sourceTree = "<group>";
		};
		BB7EF6E229005745006740F8 /* Views */ = {
			isa = PBXGroup;
			children = (
				BB7EF6E72900579E006740F8 /* CollectionViewTableViewCell.swift */,
				BB7EF6E929007E01006740F8 /* HeroHeaderUIView.swift */,
				BB7EF6F529023D5E006740F8 /* TitleCollectionViewCell.swift */,
				BB7EF6FC29037BEF006740F8 /* TitleTableViewCell.swift */,
			);
			path = Views;
			sourceTree = "<group>";
		};
		BB7EF6E329005750006740F8 /* ViewModels */ = {
			isa = PBXGroup;
			children = (
				BB7EF6FE29037E07006740F8 /* TitleViewModel.swift */,
				BB7EF70F2904B1FD006740F8 /* TitlePreviewViewModel.swift */,
			);
			path = ViewModels;
			sourceTree = "<group>";
		};
		BB7EF6E429005758006740F8 /* Models */ = {
			isa = PBXGroup;
			children = (
				BB7EF6ED2901A303006740F8 /* Title.swift */,
				BB7EF709290432C5006740F8 /* YoutubeSearchResponse.swift */,
				BB7EF70D2904B021006740F8 /* GenreModel.swift */,
			);
			path = Models;
			sourceTree = "<group>";
		};
		BB7EF6E529005773006740F8 /* Resources */ = {
			isa = PBXGroup;
			children = (
				BB7EF6EF2901A700006740F8 /* Extensions.swift */,
				BB7EF70729042FFF006740F8 /* Constants.swift */,
			);
			path = Resources;
			sourceTree = "<group>";
		};
		BB7EF6E62900577B006740F8 /* Managers */ = {
			isa = PBXGroup;
			children = (
				BB7EF6EB2901A013006740F8 /* APICaller.swift */,
				BBB5B5332904D15000C3D250 /* DataPersistenceManager.swift */,
				BB7EF7042903B1FE006740F8 /* NetworkingManager.swift */,
			);
			path = Managers;
			sourceTree = "<group>";
		};
		BB7EF7022903A888006740F8 /* Core */ = {
			isa = PBXGroup;
			children = (
				BB7EF6D829005253006740F8 /* HomeViewController.swift */,
				BB7EF6DA2900525D006740F8 /* UpcomingViewController.swift */,
				BB7EF6DC29005265006740F8 /* SearchViewController.swift */,
				BB7EF6DE290052E7006740F8 /* DownloadsViewController.swift */,
				BB7EF70B29043860006740F8 /* TitlePreviewViewController.swift */,
			);
			path = Core;
			sourceTree = "<group>";
		};
		BB7EF7032903A88E006740F8 /* General */ = {
			isa = PBXGroup;
			children = (
				BB7EF7002903A86D006740F8 /* SearchResultsViewController.swift */,
			);
			path = General;
			sourceTree = "<group>";
		};
/* End PBXGroup section */

/* Begin PBXNativeTarget section */
		BB7EF6BE29005085006740F8 /* Netflix Clone */ = {
			isa = PBXNativeTarget;
			buildConfigurationList = BB7EF6D329005086006740F8 /* Build configuration list for PBXNativeTarget "Netflix Clone" */;
			buildPhases = (
				BB7EF6BB29005085006740F8 /* Sources */,
				BB7EF6BC29005085006740F8 /* Frameworks */,
				BB7EF6BD29005085006740F8 /* Resources */,
			);
			buildRules = (
			);
			dependencies = (
			);
			name = "Netflix Clone";
			packageProductDependencies = (
				BB7EF6F829023F03006740F8 /* SDWebImage */,
				BB7EF6FA29023F03006740F8 /* SDWebImageMapKit */,
			);
			productName = "Netflix Clone";
			productReference = BB7EF6BF29005085006740F8 /* Netflix Clone.app */;
			productType = "com.apple.product-type.application";
		};
/* End PBXNativeTarget section */

/* Begin PBXProject section */
		BB7EF6B729005085006740F8 /* Project object */ = {
			isa = PBXProject;
			attributes = {
				BuildIndependentTargetsInParallel = 1;
				LastSwiftUpdateCheck = 1400;
				LastUpgradeCheck = 1400;
				TargetAttributes = {
					BB7EF6BE29005085006740F8 = {
						CreatedOnToolsVersion = 14.0.1;
					};
				};
			};
			buildConfigurationList = BB7EF6BA29005085006740F8 /* Build configuration list for PBXProject "Netflix Clone" */;
			compatibilityVersion = "Xcode 14.0";
			developmentRegion = en;
			hasScannedForEncodings = 0;
			knownRegions = (
				en,
				Base,
			);
			mainGroup = BB7EF6B629005085006740F8;
			packageReferences = (
				BB7EF6F729023F03006740F8 /* XCRemoteSwiftPackageReference "SDWebImage" */,
			);
			productRefGroup = BB7EF6C029005085006740F8 /* Products */;
			projectDirPath = "";
			projectRoot = "";
			targets = (
				BB7EF6BE29005085006740F8 /* Netflix Clone */,
			);
		};
/* End PBXProject section */

/* Begin PBXResourcesBuildPhase section */
		BB7EF6BD29005085006740F8 /* Resources */ = {
			isa = PBXResourcesBuildPhase;
			buildActionMask = 2147483647;
			files = (
				BB7EF6CF29005086006740F8 /* LaunchScreen.storyboard in Resources */,
				BB7EF6CC29005086006740F8 /* Assets.xcassets in Resources */,
			);
			runOnlyForDeploymentPostprocessing = 0;
		};
/* End PBXResourcesBuildPhase section */

/* Begin PBXSourcesBuildPhase section */
		BB7EF6BB29005085006740F8 /* Sources */ = {
			isa = PBXSourcesBuildPhase;
			buildActionMask = 2147483647;
			files = (
				BB7EF7052903B1FE006740F8 /* NetworkingManager.swift in Sources */,
				BB7EF6FD29037BEF006740F8 /* TitleTableViewCell.swift in Sources */,
				BB7EF6DD29005265006740F8 /* SearchViewController.swift in Sources */,
				BB7EF6F629023D5E006740F8 /* TitleCollectionViewCell.swift in Sources */,
				BB7EF7102904B1FD006740F8 /* TitlePreviewViewModel.swift in Sources */,
				BB7EF6DB2900525D006740F8 /* UpcomingViewController.swift in Sources */,
				BB7EF6E82900579E006740F8 /* CollectionViewTableViewCell.swift in Sources */,
				BB7EF70A290432C5006740F8 /* YoutubeSearchResponse.swift in Sources */,
				BB7EF6EC2901A014006740F8 /* APICaller.swift in Sources */,
				BBB5B5342904D15000C3D250 /* DataPersistenceManager.swift in Sources */,
				BB7EF7362904CF42006740F8 /* NetflixCloneModel.xcdatamodeld in Sources */,
				BB7EF6EA29007E01006740F8 /* HeroHeaderUIView.swift in Sources */,
				BB7EF6DF290052E7006740F8 /* DownloadsViewController.swift in Sources */,
				BB7EF6C729005085006740F8 /* MainTabBarViewController.swift in Sources */,
				BB7EF7012903A86D006740F8 /* SearchResultsViewController.swift in Sources */,
				BB7EF70C29043860006740F8 /* TitlePreviewViewController.swift in Sources */,
				BB7EF6F02901A700006740F8 /* Extensions.swift in Sources */,
				BB7EF6E1290053DF006740F8 /* AppDelegate.swift in Sources */,
				BB7EF70E2904B021006740F8 /* GenreModel.swift in Sources */,
				BB7EF6C529005085006740F8 /* SceneDelegate.swift in Sources */,
				BB7EF6EE2901A303006740F8 /* Title.swift in Sources */,
				BB7EF6D929005253006740F8 /* HomeViewController.swift in Sources */,
				BB7EF6FF29037E07006740F8 /* TitleViewModel.swift in Sources */,
				BB7EF70829042FFF006740F8 /* Constants.swift in Sources */,
			);
			runOnlyForDeploymentPostprocessing = 0;
		};
/* End PBXSourcesBuildPhase section */

/* Begin PBXVariantGroup section */
		BB7EF6CD29005086006740F8 /* LaunchScreen.storyboard */ = {
			isa = PBXVariantGroup;
			children = (
				BB7EF6CE29005086006740F8 /* Base */,
			);
			name = LaunchScreen.storyboard;
			sourceTree = "<group>";
		};
/* End PBXVariantGroup section */

/* Begin XCBuildConfiguration section */
		BB7EF6D129005086006740F8 /* Debug */ = {
			isa = XCBuildConfiguration;
			buildSettings = {
				ALWAYS_SEARCH_USER_PATHS = NO;
				CLANG_ANALYZER_NONNULL = YES;
				CLANG_ANALYZER_NUMBER_OBJECT_CONVERSION = YES_AGGRESSIVE;
				CLANG_CXX_LANGUAGE_STANDARD = "gnu++20";
				CLANG_ENABLE_MODULES = YES;
				CLANG_ENABLE_OBJC_ARC = YES;
				CLANG_ENABLE_OBJC_WEAK = YES;
				CLANG_WARN_BLOCK_CAPTURE_AUTORELEASING = YES;
				CLANG_WARN_BOOL_CONVERSION = YES;
				CLANG_WARN_COMMA = YES;
				CLANG_WARN_CONSTANT_CONVERSION = YES;
				CLANG_WARN_DEPRECATED_OBJC_IMPLEMENTATIONS = YES;
				CLANG_WARN_DIRECT_OBJC_ISA_USAGE = YES_ERROR;
				CLANG_WARN_DOCUMENTATION_COMMENTS = YES;
				CLANG_WARN_EMPTY_BODY = YES;
				CLANG_WARN_ENUM_CONVERSION = YES;
				CLANG_WARN_INFINITE_RECURSION = YES;
				CLANG_WARN_INT_CONVERSION = YES;
				CLANG_WARN_NON_LITERAL_NULL_CONVERSION = YES;
				CLANG_WARN_OBJC_IMPLICIT_RETAIN_SELF = YES;
				CLANG_WARN_OBJC_LITERAL_CONVERSION = YES;
				CLANG_WARN_OBJC_ROOT_CLASS = YES_ERROR;
				CLANG_WARN_QUOTED_INCLUDE_IN_FRAMEWORK_HEADER = YES;
				CLANG_WARN_RANGE_LOOP_ANALYSIS = YES;
				CLANG_WARN_STRICT_PROTOTYPES = YES;
				CLANG_WARN_SUSPICIOUS_MOVE = YES;
				CLANG_WARN_UNGUARDED_AVAILABILITY = YES_AGGRESSIVE;
				CLANG_WARN_UNREACHABLE_CODE = YES;
				CLANG_WARN__DUPLICATE_METHOD_MATCH = YES;
				COPY_PHASE_STRIP = NO;
				DEBUG_INFORMATION_FORMAT = dwarf;
				ENABLE_STRICT_OBJC_MSGSEND = YES;
				ENABLE_TESTABILITY = YES;
				GCC_C_LANGUAGE_STANDARD = gnu11;
				GCC_DYNAMIC_NO_PIC = NO;
				GCC_NO_COMMON_BLOCKS = YES;
				GCC_OPTIMIZATION_LEVEL = 0;
				GCC_PREPROCESSOR_DEFINITIONS = (
					"DEBUG=1",
					"$(inherited)",
				);
				GCC_WARN_64_TO_32_BIT_CONVERSION = YES;
				GCC_WARN_ABOUT_RETURN_TYPE = YES_ERROR;
				GCC_WARN_UNDECLARED_SELECTOR = YES;
				GCC_WARN_UNINITIALIZED_AUTOS = YES_AGGRESSIVE;
				GCC_WARN_UNUSED_FUNCTION = YES;
				GCC_WARN_UNUSED_VARIABLE = YES;
				IPHONEOS_DEPLOYMENT_TARGET = 16.0;
				MTL_ENABLE_DEBUG_INFO = INCLUDE_SOURCE;
				MTL_FAST_MATH = YES;
				ONLY_ACTIVE_ARCH = YES;
				SDKROOT = iphoneos;
				SWIFT_ACTIVE_COMPILATION_CONDITIONS = DEBUG;
				SWIFT_OPTIMIZATION_LEVEL = "-Onone";
			};
			name = Debug;
		};
		BB7EF6D229005086006740F8 /* Release */ = {
			isa = XCBuildConfiguration;
			buildSettings = {
				ALWAYS_SEARCH_USER_PATHS = NO;
				CLANG_ANALYZER_NONNULL = YES;
				CLANG_ANALYZER_NUMBER_OBJECT_CONVERSION = YES_AGGRESSIVE;
				CLANG_CXX_LANGUAGE_STANDARD = "gnu++20";
				CLANG_ENABLE_MODULES = YES;
				CLANG_ENABLE_OBJC_ARC = YES;
				CLANG_ENABLE_OBJC_WEAK = YES;
				CLANG_WARN_BLOCK_CAPTURE_AUTORELEASING = YES;
				CLANG_WARN_BOOL_CONVERSION = YES;
				CLANG_WARN_COMMA = YES;
				CLANG_WARN_CONSTANT_CONVERSION = YES;
				CLANG_WARN_DEPRECATED_OBJC_IMPLEMENTATIONS = YES;
				CLANG_WARN_DIRECT_OBJC_ISA_USAGE = YES_ERROR;
				CLANG_WARN_DOCUMENTATION_COMMENTS = YES;
				CLANG_WARN_EMPTY_BODY = YES;
				CLANG_WARN_ENUM_CONVERSION = YES;
				CLANG_WARN_INFINITE_RECURSION = YES;
				CLANG_WARN_INT_CONVERSION = YES;
				CLANG_WARN_NON_LITERAL_NULL_CONVERSION = YES;
				CLANG_WARN_OBJC_IMPLICIT_RETAIN_SELF = YES;
				CLANG_WARN_OBJC_LITERAL_CONVERSION = YES;
				CLANG_WARN_OBJC_ROOT_CLASS = YES_ERROR;
				CLANG_WARN_QUOTED_INCLUDE_IN_FRAMEWORK_HEADER = YES;
				CLANG_WARN_RANGE_LOOP_ANALYSIS = YES;
				CLANG_WARN_STRICT_PROTOTYPES = YES;
				CLANG_WARN_SUSPICIOUS_MOVE = YES;
				CLANG_WARN_UNGUARDED_AVAILABILITY = YES_AGGRESSIVE;
				CLANG_WARN_UNREACHABLE_CODE = YES;
				CLANG_WARN__DUPLICATE_METHOD_MATCH = YES;
				COPY_PHASE_STRIP = NO;
				DEBUG_INFORMATION_FORMAT = "dwarf-with-dsym";
				ENABLE_NS_ASSERTIONS = NO;
				ENABLE_STRICT_OBJC_MSGSEND = YES;
				GCC_C_LANGUAGE_STANDARD = gnu11;
				GCC_NO_COMMON_BLOCKS = YES;
				GCC_WARN_64_TO_32_BIT_CONVERSION = YES;
				GCC_WARN_ABOUT_RETURN_TYPE = YES_ERROR;
				GCC_WARN_UNDECLARED_SELECTOR = YES;
				GCC_WARN_UNINITIALIZED_AUTOS = YES_AGGRESSIVE;
				GCC_WARN_UNUSED_FUNCTION = YES;
				GCC_WARN_UNUSED_VARIABLE = YES;
				IPHONEOS_DEPLOYMENT_TARGET = 16.0;
				MTL_ENABLE_DEBUG_INFO = NO;
				MTL_FAST_MATH = YES;
				SDKROOT = iphoneos;
				SWIFT_COMPILATION_MODE = wholemodule;
				SWIFT_OPTIMIZATION_LEVEL = "-O";
				VALIDATE_PRODUCT = YES;
			};
			name = Release;
		};
		BB7EF6D429005086006740F8 /* Debug */ = {
			isa = XCBuildConfiguration;
			buildSettings = {
				ASSETCATALOG_COMPILER_APPICON_NAME = AppIcon;
				ASSETCATALOG_COMPILER_GLOBAL_ACCENT_COLOR_NAME = AccentColor;
				CODE_SIGN_STYLE = Automatic;
				CURRENT_PROJECT_VERSION = 1;
				DEVELOPMENT_TEAM = FVEGF5DQ7U;
				GENERATE_INFOPLIST_FILE = YES;
				INFOPLIST_FILE = "Netflix Clone/Info.plist";
				INFOPLIST_KEY_UIApplicationSupportsIndirectInputEvents = YES;
				INFOPLIST_KEY_UILaunchStoryboardName = LaunchScreen;
				INFOPLIST_KEY_UISupportedInterfaceOrientations_iPad = "UIInterfaceOrientationPortrait UIInterfaceOrientationPortraitUpsideDown UIInterfaceOrientationLandscapeLeft UIInterfaceOrientationLandscapeRight";
				INFOPLIST_KEY_UISupportedInterfaceOrientations_iPhone = "UIInterfaceOrientationPortrait UIInterfaceOrientationLandscapeLeft UIInterfaceOrientationLandscapeRight";
				LD_RUNPATH_SEARCH_PATHS = (
					"$(inherited)",
					"@executable_path/Frameworks",
				);
				MARKETING_VERSION = 1.0;
				PRODUCT_BUNDLE_IDENTIFIER = "com.sugurutokuda.Netflix-Clone";
				PRODUCT_NAME = "$(TARGET_NAME)";
				SWIFT_EMIT_LOC_STRINGS = YES;
				SWIFT_VERSION = 5.0;
				TARGETED_DEVICE_FAMILY = "1,2";
			};
			name = Debug;
		};
		BB7EF6D529005086006740F8 /* Release */ = {
			isa = XCBuildConfiguration;
			buildSettings = {
				ASSETCATALOG_COMPILER_APPICON_NAME = AppIcon;
				ASSETCATALOG_COMPILER_GLOBAL_ACCENT_COLOR_NAME = AccentColor;
				CODE_SIGN_STYLE = Automatic;
				CURRENT_PROJECT_VERSION = 1;
				DEVELOPMENT_TEAM = FVEGF5DQ7U;
				GENERATE_INFOPLIST_FILE = YES;
				INFOPLIST_FILE = "Netflix Clone/Info.plist";
				INFOPLIST_KEY_UIApplicationSupportsIndirectInputEvents = YES;
				INFOPLIST_KEY_UILaunchStoryboardName = LaunchScreen;
				INFOPLIST_KEY_UISupportedInterfaceOrientations_iPad = "UIInterfaceOrientationPortrait UIInterfaceOrientationPortraitUpsideDown UIInterfaceOrientationLandscapeLeft UIInterfaceOrientationLandscapeRight";
				INFOPLIST_KEY_UISupportedInterfaceOrientations_iPhone = "UIInterfaceOrientationPortrait UIInterfaceOrientationLandscapeLeft UIInterfaceOrientationLandscapeRight";
				LD_RUNPATH_SEARCH_PATHS = (
					"$(inherited)",
					"@executable_path/Frameworks",
				);
				MARKETING_VERSION = 1.0;
				PRODUCT_BUNDLE_IDENTIFIER = "com.sugurutokuda.Netflix-Clone";
				PRODUCT_NAME = "$(TARGET_NAME)";
				SWIFT_EMIT_LOC_STRINGS = YES;
				SWIFT_VERSION = 5.0;
				TARGETED_DEVICE_FAMILY = "1,2";
			};
			name = Release;
		};
/* End XCBuildConfiguration section */

/* Begin XCConfigurationList section */
		BB7EF6BA29005085006740F8 /* Build configuration list for PBXProject "Netflix Clone" */ = {
			isa = XCConfigurationList;
			buildConfigurations = (
				BB7EF6D129005086006740F8 /* Debug */,
				BB7EF6D229005086006740F8 /* Release */,
			);
			defaultConfigurationIsVisible = 0;
			defaultConfigurationName = Release;
		};
		BB7EF6D329005086006740F8 /* Build configuration list for PBXNativeTarget "Netflix Clone" */ = {
			isa = XCConfigurationList;
			buildConfigurations = (
				BB7EF6D429005086006740F8 /* Debug */,
				BB7EF6D529005086006740F8 /* Release */,
			);
			defaultConfigurationIsVisible = 0;
			defaultConfigurationName = Release;
		};
/* End XCConfigurationList section */

/* Begin XCRemoteSwiftPackageReference section */
		BB7EF6F729023F03006740F8 /* XCRemoteSwiftPackageReference "SDWebImage" */ = {
			isa = XCRemoteSwiftPackageReference;
			repositoryURL = "https://github.com/SDWebImage/SDWebImage.git";
			requirement = {
				kind = upToNextMajorVersion;
				minimumVersion = 5.0.0;
			};
		};
/* End XCRemoteSwiftPackageReference section */

/* Begin XCSwiftPackageProductDependency section */
		BB7EF6F829023F03006740F8 /* SDWebImage */ = {
			isa = XCSwiftPackageProductDependency;
			package = BB7EF6F729023F03006740F8 /* XCRemoteSwiftPackageReference "SDWebImage" */;
			productName = SDWebImage;
		};
		BB7EF6FA29023F03006740F8 /* SDWebImageMapKit */ = {
			isa = XCSwiftPackageProductDependency;
			package = BB7EF6F729023F03006740F8 /* XCRemoteSwiftPackageReference "SDWebImage" */;
			productName = SDWebImageMapKit;
		};
/* End XCSwiftPackageProductDependency section */

/* Begin XCVersionGroup section */
		BB7EF7342904CF42006740F8 /* NetflixCloneModel.xcdatamodeld */ = {
			isa = XCVersionGroup;
			children = (
				BB7EF7352904CF42006740F8 /* NetflixCloneModel.xcdatamodel */,
			);
			currentVersion = BB7EF7352904CF42006740F8 /* NetflixCloneModel.xcdatamodel */;
			path = NetflixCloneModel.xcdatamodeld;
			sourceTree = "<group>";
			versionGroupType = wrapper.xcdatamodel;
		};
/* End XCVersionGroup section */
	};
	rootObject = BB7EF6B729005085006740F8 /* Project object */;
}
